# THIS IS AN AUTOGENERATED FILE. DO NOT EDIT THIS FILE DIRECTLY.
# yarn lockfile v1


"aos@^2.3.4":
  "integrity" "sha512-zh/ahtR2yME4I51z8IttIt4lC1Nw0ktsFtmeDzID1m9naJnWXhCoARaCgNOGXb5CLy3zm+wqmRAEgMYB5E2HUw=="
  "resolved" "https://registry.npmjs.org/aos/-/aos-2.3.4.tgz"
  "version" "2.3.4"
  dependencies:
    "classlist-polyfill" "^1.0.3"
    "lodash.debounce" "^4.0.6"
    "lodash.throttle" "^4.0.1"

"classlist-polyfill@^1.0.3":
  "integrity" "sha1-k1vC39lFiodrJ5YXUUY4vKqWSi4="
  "resolved" "https://registry.npmjs.org/classlist-polyfill/-/classlist-polyfill-1.2.0.tgz"
  "version" "1.2.0"

"jquery@^3.1.1":
  "integrity" "sha512-JVzAR/AjBvVt2BmYhxRCSYysDsPcssdmTFnzyLEts9qNwmjmu4JTAMYubEfwVOSwpQ1I1sKKFcxhZCI2buerfw=="
  "resolved" "https://registry.npmjs.org/jquery/-/jquery-3.6.0.tgz"
  "version" "3.6.0"

"lodash.debounce@^4.0.6":
  "integrity" "sha1-gteb/zCmfEAF/9XiUVMArZyk168="
  "resolved" "https://registry.npmjs.org/lodash.debounce/-/lodash.debounce-4.0.8.tgz"
  "version" "4.0.8"

"lodash.throttle@^4.0.1":
  "integrity" "sha1-wj6RtxAkKscMN/HhzaknTMOb8vQ="
  "resolved" "https://registry.npmjs.org/lodash.throttle/-/lodash.throttle-4.1.1.tgz"
  "version" "4.1.1"

"tilt.js@^1.2.1":
  "integrity" "sha512-IGRh3FJbq6BRH2ETb2KxDWont2k740oR+0QMs39QVkjnr7QmA6L1VzSKsOLgFXg5QNtHyRKp7vzFoJCYxgzsJA=="
  "resolved" "https://registry.npmjs.org/tilt.js/-/tilt.js-1.2.1.tgz"
  "version" "1.2.1"
  dependencies:
    "jquery" "^3.1.1"
